
Microsoft Visual Studio Solution File, Format Version 12.00
# Visual Studio 15
VisualStudioVersion = 15.0.26730.16
MinimumVisualStudioVersion = 10.0.40219.1
Project("{FAE04EC0-301F-11D3-BF4B-00C04F79EFBC}") = "Practica_N._5.Android", "Practica_N.5\Practica_N._5.Android\Practica_N._5.Android.csproj", "{44DCC64F-97F0-4847-B8A3-E10BC5C7B20B}"
EndProject
Project("{FAE04EC0-301F-11D3-BF4B-00C04F79EFBC}") = "Practica_N._5", "Practica_N.5\Practica_N._5\Practica_N._5.csproj", "{E1384B9B-8E46-4AD9-8290-2AD964FF0AFF}"
EndProject
Project("{FAE04EC0-301F-11D3-BF4B-00C04F79EFBC}") = "Practica_N._5.UWP", "Practica_N.5\Practica_N._5.UWP\Practica_N._5.UWP.csproj", "{8EA36E88-7034-4EC2-B1D6-E8C33AC22CDE}"
EndProject
Project("{FAE04EC0-301F-11D3-BF4B-00C04F79EFBC}") = "Practica_N._5.iOS", "Practica_N.5\Practica_N._5.iOS\Practica_N._5.iOS.csproj", "{C2739EFC-8A8A-4410-8529-56DD6442E598}"
EndProject
Global
	GlobalSection(SolutionConfigurationPlatforms) = preSolution
		Ad-Hoc|Any CPU = Ad-Hoc|Any CPU
		Ad-Hoc|ARM = Ad-Hoc|ARM
		Ad-Hoc|iPhone = Ad-Hoc|iPhone
		Ad-Hoc|iPhoneSimulator = Ad-Hoc|iPhoneSimulator
		Ad-Hoc|x64 = Ad-Hoc|x64
		Ad-Hoc|x86 = Ad-Hoc|x86
		AppStore|Any CPU = AppStore|Any CPU
		AppStore|ARM = AppStore|ARM
		AppStore|iPhone = AppStore|iPhone
		AppStore|iPhoneSimulator = AppStore|iPhoneSimulator
		AppStore|x64 = AppStore|x64
		AppStore|x86 = AppStore|x86
		Debug|Any CPU = Debug|Any CPU
		Debug|ARM = Debug|ARM
		Debug|iPhone = Debug|iPhone
		Debug|iPhoneSimulator = Debug|iPhoneSimulator
		Debug|x64 = Debug|x64
		Debug|x86 = Debug|x86
		Release|Any CPU = Release|Any CPU
		Release|ARM = Release|ARM
		Release|iPhone = Release|iPhone
		Release|iPhoneSimulator = Release|iPhoneSimulator
		Release|x64 = Release|x64
		Release|x86 = Release|x86
	EndGlobalSection
	GlobalSection(ProjectConfigurationPlatforms) = postSolution
		{44DCC64F-97F0-4847-B8A3-E10BC5C7B20B}.Ad-Hoc|Any CPU.ActiveCfg = Release|Any CPU
		{44DCC64F-97F0-4847-B8A3-E10BC5C7B20B}.Ad-Hoc|Any CPU.Build.0 = Release|Any CPU
		{44DCC64F-97F0-4847-B8A3-E10BC5C7B20B}.Ad-Hoc|Any CPU.Deploy.0 = Release|Any CPU
		{44DCC64F-97F0-4847-B8A3-E10BC5C7B20B}.Ad-Hoc|ARM.ActiveCfg = Release|Any CPU
		{44DCC64F-97F0-4847-B8A3-E10BC5C7B20B}.Ad-Hoc|ARM.Build.0 = Release|Any CPU
		{44DCC64F-97F0-4847-B8A3-E10BC5C7B20B}.Ad-Hoc|ARM.Deploy.0 = Release|Any CPU
		{44DCC64F-97F0-4847-B8A3-E10BC5C7B20B}.Ad-Hoc|iPhone.ActiveCfg = Release|Any CPU
		{44DCC64F-97F0-4847-B8A3-E10BC5C7B20B}.Ad-Hoc|iPhone.Build.0 = Release|Any CPU
		{44DCC64F-97F0-4847-B8A3-E10BC5C7B20B}.Ad-Hoc|iPhone.Deploy.0 = Release|Any CPU
		{44DCC64F-97F0-4847-B8A3-E10BC5C7B20B}.Ad-Hoc|iPhoneSimulator.ActiveCfg = Release|Any CPU
		{44DCC64F-97F0-4847-B8A3-E10BC5C7B20B}.Ad-Hoc|iPhoneSimulator.Build.0 = Release|Any CPU
		{44DCC64F-97F0-4847-B8A3-E10BC5C7B20B}.Ad-Hoc|iPhoneSimulator.Deploy.0 = Release|Any CPU
		{44DCC64F-97F0-4847-B8A3-E10BC5C7B20B}.Ad-Hoc|x64.ActiveCfg = Release|Any CPU
		{44DCC64F-97F0-4847-B8A3-E10BC5C7B20B}.Ad-Hoc|x64.Build.0 = Release|Any CPU
		{44DCC64F-97F0-4847-B8A3-E10BC5C7B20B}.Ad-Hoc|x64.Deploy.0 = Release|Any CPU
		{44DCC64F-97F0-4847-B8A3-E10BC5C7B20B}.Ad-Hoc|x86.ActiveCfg = Release|Any CPU
		{44DCC64F-97F0-4847-B8A3-E10BC5C7B20B}.Ad-Hoc|x86.Build.0 = Release|Any CPU
		{44DCC64F-97F0-4847-B8A3-E10BC5C7B20B}.Ad-Hoc|x86.Deploy.0 = Release|Any CPU
		{44DCC64F-97F0-4847-B8A3-E10BC5C7B20B}.AppStore|Any CPU.ActiveCfg = Release|Any CPU
		{44DCC64F-97F0-4847-B8A3-E10BC5C7B20B}.AppStore|Any CPU.Build.0 = Release|Any CPU
		{44DCC64F-97F0-4847-B8A3-E10BC5C7B20B}.AppStore|Any CPU.Deploy.0 = Release|Any CPU
		{44DCC64F-97F0-4847-B8A3-E10BC5C7B20B}.AppStore|ARM.ActiveCfg = Release|Any CPU
		{44DCC64F-97F0-4847-B8A3-E10BC5C7B20B}.AppStore|ARM.Build.0 = Release|Any CPU
		{44DCC64F-97F0-4847-B8A3-E10BC5C7B20B}.AppStore|ARM.Deploy.0 = Release|Any CPU
		{44DCC64F-97F0-4847-B8A3-E10BC5C7B20B}.AppStore|iPhone.ActiveCfg = Release|Any CPU
		{44DCC64F-97F0-4847-B8A3-E10BC5C7B20B}.AppStore|iPhone.Build.0 = Release|Any CPU
		{44DCC64F-97F0-4847-B8A3-E10BC5C7B20B}.AppStore|iPhone.Deploy.0 = Release|Any CPU
		{44DCC64F-97F0-4847-B8A3-E10BC5C7B20B}.AppStore|iPhoneSimulator.ActiveCfg = Release|Any CPU
		{44DCC64F-97F0-4847-B8A3-E10BC5C7B20B}.AppStore|iPhoneSimulator.Build.0 = Release|Any CPU
		{44DCC64F-97F0-4847-B8A3-E10BC5C7B20B}.AppStore|iPhoneSimulator.Deploy.0 = Release|Any CPU
		{44DCC64F-97F0-4847-B8A3-E10BC5C7B20B}.AppStore|x64.ActiveCfg = Release|Any CPU
		{44DCC64F-97F0-4847-B8A3-E10BC5C7B20B}.AppStore|x64.Build.0 = Release|Any CPU
		{44DCC64F-97F0-4847-B8A3-E10BC5C7B20B}.AppStore|x64.Deploy.0 = Release|Any CPU
		{44DCC64F-97F0-4847-B8A3-E10BC5C7B20B}.AppStore|x86.ActiveCfg = Release|Any CPU
		{44DCC64F-97F0-4847-B8A3-E10BC5C7B20B}.AppStore|x86.Build.0 = Release|Any CPU
		{44DCC64F-97F0-4847-B8A3-E10BC5C7B20B}.AppStore|x86.Deploy.0 = Release|Any CPU
		{44DCC64F-97F0-4847-B8A3-E10BC5C7B20B}.Debug|Any CPU.ActiveCfg = Debug|Any CPU
		{44DCC64F-97F0-4847-B8A3-E10BC5C7B20B}.Debug|Any CPU.Build.0 = Debug|Any CPU
		{44DCC64F-97F0-4847-B8A3-E10BC5C7B20B}.Debug|Any CPU.Deploy.0 = Debug|Any CPU
		{44DCC64F-97F0-4847-B8A3-E10BC5C7B20B}.Debug|ARM.ActiveCfg = Debug|Any CPU
		{44DCC64F-97F0-4847-B8A3-E10BC5C7B20B}.Debug|ARM.Build.0 = Debug|Any CPU
		{44DCC64F-97F0-4847-B8A3-E10BC5C7B20B}.Debug|ARM.Deploy.0 = Debug|Any CPU
		{44DCC64F-97F0-4847-B8A3-E10BC5C7B20B}.Debug|iPhone.ActiveCfg = Debug|Any CPU
		{44DCC64F-97F0-4847-B8A3-E10BC5C7B20B}.Debug|iPhone.Build.0 = Debug|Any CPU
		{44DCC64F-97F0-4847-B8A3-E10BC5C7B20B}.Debug|iPhone.Deploy.0 = Debug|Any CPU
		{44DCC64F-97F0-4847-B8A3-E10BC5C7B20B}.Debug|iPhoneSimulator.ActiveCfg = Debug|Any CPU
		{44DCC64F-97F0-4847-B8A3-E10BC5C7B20B}.Debug|iPhoneSimulator.Build.0 = Debug|Any CPU
		{44DCC64F-97F0-4847-B8A3-E10BC5C7B20B}.Debug|iPhoneSimulator.Deploy.0 = Debug|Any CPU
		{44DCC64F-97F0-4847-B8A3-E10BC5C7B20B}.Debug|x64.ActiveCfg = Debug|Any CPU
		{44DCC64F-97F0-4847-B8A3-E10BC5C7B20B}.Debug|x64.Build.0 = Debug|Any CPU
		{44DCC64F-97F0-4847-B8A3-E10BC5C7B20B}.Debug|x64.Deploy.0 = Debug|Any CPU
		{44DCC64F-97F0-4847-B8A3-E10BC5C7B20B}.Debug|x86.ActiveCfg = Debug|Any CPU
		{44DCC64F-97F0-4847-B8A3-E10BC5C7B20B}.Debug|x86.Build.0 = Debug|Any CPU
		{44DCC64F-97F0-4847-B8A3-E10BC5C7B20B}.Debug|x86.Deploy.0 = Debug|Any CPU
		{44DCC64F-97F0-4847-B8A3-E10BC5C7B20B}.Release|Any CPU.ActiveCfg = Release|Any CPU
		{44DCC64F-97F0-4847-B8A3-E10BC5C7B20B}.Release|Any CPU.Build.0 = Release|Any CPU
		{44DCC64F-97F0-4847-B8A3-E10BC5C7B20B}.Release|Any CPU.Deploy.0 = Release|Any CPU
		{44DCC64F-97F0-4847-B8A3-E10BC5C7B20B}.Release|ARM.ActiveCfg = Release|Any CPU
		{44DCC64F-97F0-4847-B8A3-E10BC5C7B20B}.Release|ARM.Build.0 = Release|Any CPU
		{44DCC64F-97F0-4847-B8A3-E10BC5C7B20B}.Release|ARM.Deploy.0 = Release|Any CPU
		{44DCC64F-97F0-4847-B8A3-E10BC5C7B20B}.Release|iPhone.ActiveCfg = Release|Any CPU
		{44DCC64F-97F0-4847-B8A3-E10BC5C7B20B}.Release|iPhone.Build.0 = Release|Any CPU
		{44DCC64F-97F0-4847-B8A3-E10BC5C7B20B}.Release|iPhone.Deploy.0 = Release|Any CPU
		{44DCC64F-97F0-4847-B8A3-E10BC5C7B20B}.Release|iPhoneSimulator.ActiveCfg = Release|Any CPU
		{44DCC64F-97F0-4847-B8A3-E10BC5C7B20B}.Release|iPhoneSimulator.Build.0 = Release|Any CPU
		{44DCC64F-97F0-4847-B8A3-E10BC5C7B20B}.Release|iPhoneSimulator.Deploy.0 = Release|Any CPU
		{44DCC64F-97F0-4847-B8A3-E10BC5C7B20B}.Release|x64.ActiveCfg = Release|Any CPU
		{44DCC64F-97F0-4847-B8A3-E10BC5C7B20B}.Release|x64.Build.0 = Release|Any CPU
		{44DCC64F-97F0-4847-B8A3-E10BC5C7B20B}.Release|x64.Deploy.0 = Release|Any CPU
		{44DCC64F-97F0-4847-B8A3-E10BC5C7B20B}.Release|x86.ActiveCfg = Release|Any CPU
		{44DCC64F-97F0-4847-B8A3-E10BC5C7B20B}.Release|x86.Build.0 = Release|Any CPU
		{44DCC64F-97F0-4847-B8A3-E10BC5C7B20B}.Release|x86.Deploy.0 = Release|Any CPU
		{E1384B9B-8E46-4AD9-8290-2AD964FF0AFF}.Ad-Hoc|Any CPU.ActiveCfg = Release|Any CPU
		{E1384B9B-8E46-4AD9-8290-2AD964FF0AFF}.Ad-Hoc|Any CPU.Build.0 = Release|Any CPU
		{E1384B9B-8E46-4AD9-8290-2AD964FF0AFF}.Ad-Hoc|ARM.ActiveCfg = Release|Any CPU
		{E1384B9B-8E46-4AD9-8290-2AD964FF0AFF}.Ad-Hoc|ARM.Build.0 = Release|Any CPU
		{E1384B9B-8E46-4AD9-8290-2AD964FF0AFF}.Ad-Hoc|iPhone.ActiveCfg = Release|Any CPU
		{E1384B9B-8E46-4AD9-8290-2AD964FF0AFF}.Ad-Hoc|iPhone.Build.0 = Release|Any CPU
		{E1384B9B-8E46-4AD9-8290-2AD964FF0AFF}.Ad-Hoc|iPhoneSimulator.ActiveCfg = Release|Any CPU
		{E1384B9B-8E46-4AD9-8290-2AD964FF0AFF}.Ad-Hoc|iPhoneSimulator.Build.0 = Release|Any CPU
		{E1384B9B-8E46-4AD9-8290-2AD964FF0AFF}.Ad-Hoc|x64.ActiveCfg = Release|Any CPU
		{E1384B9B-8E46-4AD9-8290-2AD964FF0AFF}.Ad-Hoc|x64.Build.0 = Release|Any CPU
		{E1384B9B-8E46-4AD9-8290-2AD964FF0AFF}.Ad-Hoc|x86.ActiveCfg = Release|Any CPU
		{E1384B9B-8E46-4AD9-8290-2AD964FF0AFF}.Ad-Hoc|x86.Build.0 = Release|Any CPU
		{E1384B9B-8E46-4AD9-8290-2AD964FF0AFF}.AppStore|Any CPU.ActiveCfg = Release|Any CPU
		{E1384B9B-8E46-4AD9-8290-2AD964FF0AFF}.AppStore|Any CPU.Build.0 = Release|Any CPU
		{E1384B9B-8E46-4AD9-8290-2AD964FF0AFF}.AppStore|ARM.ActiveCfg = Release|Any CPU
		{E1384B9B-8E46-4AD9-8290-2AD964FF0AFF}.AppStore|ARM.Build.0 = Release|Any CPU
		{E1384B9B-8E46-4AD9-8290-2AD964FF0AFF}.AppStore|iPhone.ActiveCfg = Release|Any CPU
		{E1384B9B-8E46-4AD9-8290-2AD964FF0AFF}.AppStore|iPhone.Build.0 = Release|Any CPU
		{E1384B9B-8E46-4AD9-8290-2AD964FF0AFF}.AppStore|iPhoneSimulator.ActiveCfg = Release|Any CPU
		{E1384B9B-8E46-4AD9-8290-2AD964FF0AFF}.AppStore|iPhoneSimulator.Build.0 = Release|Any CPU
		{E1384B9B-8E46-4AD9-8290-2AD964FF0AFF}.AppStore|x64.ActiveCfg = Release|Any CPU
		{E1384B9B-8E46-4AD9-8290-2AD964FF0AFF}.AppStore|x64.Build.0 = Release|Any CPU
		{E1384B9B-8E46-4AD9-8290-2AD964FF0AFF}.AppStore|x86.ActiveCfg = Release|Any CPU
		{E1384B9B-8E46-4AD9-8290-2AD964FF0AFF}.AppStore|x86.Build.0 = Release|Any CPU
		{E1384B9B-8E46-4AD9-8290-2AD964FF0AFF}.Debug|Any CPU.ActiveCfg = Debug|Any CPU
		{E1384B9B-8E46-4AD9-8290-2AD964FF0AFF}.Debug|Any CPU.Build.0 = Debug|Any CPU
		{E1384B9B-8E46-4AD9-8290-2AD964FF0AFF}.Debug|ARM.ActiveCfg = Debug|Any CPU
		{E1384B9B-8E46-4AD9-8290-2AD964FF0AFF}.Debug|ARM.Build.0 = Debug|Any CPU
		{E1384B9B-8E46-4AD9-8290-2AD964FF0AFF}.Debug|iPhone.ActiveCfg = Debug|Any CPU
		{E1384B9B-8E46-4AD9-8290-2AD964FF0AFF}.Debug|iPhone.Build.0 = Debug|Any CPU
		{E1384B9B-8E46-4AD9-8290-2AD964FF0AFF}.Debug|iPhoneSimulator.ActiveCfg = Debug|Any CPU
		{E1384B9B-8E46-4AD9-8290-2AD964FF0AFF}.Debug|iPhoneSimulator.Build.0 = Debug|Any CPU
		{E1384B9B-8E46-4AD9-8290-2AD964FF0AFF}.Debug|x64.ActiveCfg = Debug|Any CPU
		{E1384B9B-8E46-4AD9-8290-2AD964FF0AFF}.Debug|x64.Build.0 = Debug|Any CPU
		{E1384B9B-8E46-4AD9-8290-2AD964FF0AFF}.Debug|x86.ActiveCfg = Debug|Any CPU
		{E1384B9B-8E46-4AD9-8290-2AD964FF0AFF}.Debug|x86.Build.0 = Debug|Any CPU
		{E1384B9B-8E46-4AD9-8290-2AD964FF0AFF}.Release|Any CPU.ActiveCfg = Release|Any CPU
		{E1384B9B-8E46-4AD9-8290-2AD964FF0AFF}.Release|Any CPU.Build.0 = Release|Any CPU
		{E1384B9B-8E46-4AD9-8290-2AD964FF0AFF}.Release|ARM.ActiveCfg = Release|Any CPU
		{E1384B9B-8E46-4AD9-8290-2AD964FF0AFF}.Release|ARM.Build.0 = Release|Any CPU
		{E1384B9B-8E46-4AD9-8290-2AD964FF0AFF}.Release|iPhone.ActiveCfg = Release|Any CPU
		{E1384B9B-8E46-4AD9-8290-2AD964FF0AFF}.Release|iPhone.Build.0 = Release|Any CPU
		{E1384B9B-8E46-4AD9-8290-2AD964FF0AFF}.Release|iPhoneSimulator.ActiveCfg = Release|Any CPU
		{E1384B9B-8E46-4AD9-8290-2AD964FF0AFF}.Release|iPhoneSimulator.Build.0 = Release|Any CPU
		{E1384B9B-8E46-4AD9-8290-2AD964FF0AFF}.Release|x64.ActiveCfg = Release|Any CPU
		{E1384B9B-8E46-4AD9-8290-2AD964FF0AFF}.Release|x64.Build.0 = Release|Any CPU
		{E1384B9B-8E46-4AD9-8290-2AD964FF0AFF}.Release|x86.ActiveCfg = Release|Any CPU
		{E1384B9B-8E46-4AD9-8290-2AD964FF0AFF}.Release|x86.Build.0 = Release|Any CPU
		{8EA36E88-7034-4EC2-B1D6-E8C33AC22CDE}.Ad-Hoc|Any CPU.ActiveCfg = Release|x86
		{8EA36E88-7034-4EC2-B1D6-E8C33AC22CDE}.Ad-Hoc|Any CPU.Build.0 = Release|x86
		{8EA36E88-7034-4EC2-B1D6-E8C33AC22CDE}.Ad-Hoc|Any CPU.Deploy.0 = Release|x86
		{8EA36E88-7034-4EC2-B1D6-E8C33AC22CDE}.Ad-Hoc|ARM.ActiveCfg = Release|ARM
		{8EA36E88-7034-4EC2-B1D6-E8C33AC22CDE}.Ad-Hoc|ARM.Build.0 = Release|ARM
		{8EA36E88-7034-4EC2-B1D6-E8C33AC22CDE}.Ad-Hoc|ARM.Deploy.0 = Release|ARM
		{8EA36E88-7034-4EC2-B1D6-E8C33AC22CDE}.Ad-Hoc|iPhone.ActiveCfg = Release|x86
		{8EA36E88-7034-4EC2-B1D6-E8C33AC22CDE}.Ad-Hoc|iPhone.Build.0 = Release|x86
		{8EA36E88-7034-4EC2-B1D6-E8C33AC22CDE}.Ad-Hoc|iPhone.Deploy.0 = Release|x86
		{8EA36E88-7034-4EC2-B1D6-E8C33AC22CDE}.Ad-Hoc|iPhoneSimulator.ActiveCfg = Release|x86
		{8EA36E88-7034-4EC2-B1D6-E8C33AC22CDE}.Ad-Hoc|iPhoneSimulator.Build.0 = Release|x86
		{8EA36E88-7034-4EC2-B1D6-E8C33AC22CDE}.Ad-Hoc|iPhoneSimulator.Deploy.0 = Release|x86
		{8EA36E88-7034-4EC2-B1D6-E8C33AC22CDE}.Ad-Hoc|x64.ActiveCfg = Release|x64
		{8EA36E88-7034-4EC2-B1D6-E8C33AC22CDE}.Ad-Hoc|x64.Build.0 = Release|x64
		{8EA36E88-7034-4EC2-B1D6-E8C33AC22CDE}.Ad-Hoc|x64.Deploy.0 = Release|x64
		{8EA36E88-7034-4EC2-B1D6-E8C33AC22CDE}.Ad-Hoc|x86.ActiveCfg = Release|x86
		{8EA36E88-7034-4EC2-B1D6-E8C33AC22CDE}.Ad-Hoc|x86.Build.0 = Release|x86
		{8EA36E88-7034-4EC2-B1D6-E8C33AC22CDE}.Ad-Hoc|x86.Deploy.0 = Release|x86
		{8EA36E88-7034-4EC2-B1D6-E8C33AC22CDE}.AppStore|Any CPU.ActiveCfg = Release|x86
		{8EA36E88-7034-4EC2-B1D6-E8C33AC22CDE}.AppStore|Any CPU.Build.0 = Release|x86
		{8EA36E88-7034-4EC2-B1D6-E8C33AC22CDE}.AppStore|Any CPU.Deploy.0 = Release|x86
		{8EA36E88-7034-4EC2-B1D6-E8C33AC22CDE}.AppStore|ARM.ActiveCfg = Release|ARM
		{8EA36E88-7034-4EC2-B1D6-E8C33AC22CDE}.AppStore|ARM.Build.0 = Release|ARM
		{8EA36E88-7034-4EC2-B1D6-E8C33AC22CDE}.AppStore|ARM.Deploy.0 = Release|ARM
		{8EA36E88-7034-4EC2-B1D6-E8C33AC22CDE}.AppStore|iPhone.ActiveCfg = Release|x86
		{8EA36E88-7034-4EC2-B1D6-E8C33AC22CDE}.AppStore|iPhone.Build.0 = Release|x86
		{8EA36E88-7034-4EC2-B1D6-E8C33AC22CDE}.AppStore|iPhone.Deploy.0 = Release|x86
		{8EA36E88-7034-4EC2-B1D6-E8C33AC22CDE}.AppStore|iPhoneSimulator.ActiveCfg = Release|x86
		{8EA36E88-7034-4EC2-B1D6-E8C33AC22CDE}.AppStore|iPhoneSimulator.Build.0 = Release|x86
		{8EA36E88-7034-4EC2-B1D6-E8C33AC22CDE}.AppStore|iPhoneSimulator.Deploy.0 = Release|x86
		{8EA36E88-7034-4EC2-B1D6-E8C33AC22CDE}.AppStore|x64.ActiveCfg = Release|x64
		{8EA36E88-7034-4EC2-B1D6-E8C33AC22CDE}.AppStore|x64.Build.0 = Release|x64
		{8EA36E88-7034-4EC2-B1D6-E8C33AC22CDE}.AppStore|x64.Deploy.0 = Release|x64
		{8EA36E88-7034-4EC2-B1D6-E8C33AC22CDE}.AppStore|x86.ActiveCfg = Release|x86
		{8EA36E88-7034-4EC2-B1D6-E8C33AC22CDE}.AppStore|x86.Build.0 = Release|x86
		{8EA36E88-7034-4EC2-B1D6-E8C33AC22CDE}.AppStore|x86.Deploy.0 = Release|x86
		{8EA36E88-7034-4EC2-B1D6-E8C33AC22CDE}.Debug|Any CPU.ActiveCfg = Debug|x86
		{8EA36E88-7034-4EC2-B1D6-E8C33AC22CDE}.Debug|ARM.ActiveCfg = Debug|ARM
		{8EA36E88-7034-4EC2-B1D6-E8C33AC22CDE}.Debug|ARM.Build.0 = Debug|ARM
		{8EA36E88-7034-4EC2-B1D6-E8C33AC22CDE}.Debug|ARM.Deploy.0 = Debug|ARM
		{8EA36E88-7034-4EC2-B1D6-E8C33AC22CDE}.Debug|iPhone.ActiveCfg = Debug|x86
		{8EA36E88-7034-4EC2-B1D6-E8C33AC22CDE}.Debug|iPhoneSimulator.ActiveCfg = Debug|x86
		{8EA36E88-7034-4EC2-B1D6-E8C33AC22CDE}.Debug|x64.ActiveCfg = Debug|x64
		{8EA36E88-7034-4EC2-B1D6-E8C33AC22CDE}.Debug|x64.Build.0 = Debug|x64
		{8EA36E88-7034-4EC2-B1D6-E8C33AC22CDE}.Debug|x64.Deploy.0 = Debug|x64
		{8EA36E88-7034-4EC2-B1D6-E8C33AC22CDE}.Debug|x86.ActiveCfg = Debug|x86
		{8EA36E88-7034-4EC2-B1D6-E8C33AC22CDE}.Debug|x86.Build.0 = Debug|x86
		{8EA36E88-7034-4EC2-B1D6-E8C33AC22CDE}.Debug|x86.Deploy.0 = Debug|x86
		{8EA36E88-7034-4EC2-B1D6-E8C33AC22CDE}.Release|Any CPU.ActiveCfg = Release|x86
		{8EA36E88-7034-4EC2-B1D6-E8C33AC22CDE}.Release|ARM.ActiveCfg = Release|ARM
		{8EA36E88-7034-4EC2-B1D6-E8C33AC22CDE}.Release|ARM.Build.0 = Release|ARM
		{8EA36E88-7034-4EC2-B1D6-E8C33AC22CDE}.Release|ARM.Deploy.0 = Release|ARM
		{8EA36E88-7034-4EC2-B1D6-E8C33AC22CDE}.Release|iPhone.ActiveCfg = Release|x86
		{8EA36E88-7034-4EC2-B1D6-E8C33AC22CDE}.Release|iPhoneSimulator.ActiveCfg = Release|x86
		{8EA36E88-7034-4EC2-B1D6-E8C33AC22CDE}.Release|x64.ActiveCfg = Release|x64
		{8EA36E88-7034-4EC2-B1D6-E8C33AC22CDE}.Release|x64.Build.0 = Release|x64
		{8EA36E88-7034-4EC2-B1D6-E8C33AC22CDE}.Release|x64.Deploy.0 = Release|x64
		{8EA36E88-7034-4EC2-B1D6-E8C33AC22CDE}.Release|x86.ActiveCfg = Release|x86
		{8EA36E88-7034-4EC2-B1D6-E8C33AC22CDE}.Release|x86.Build.0 = Release|x86
		{8EA36E88-7034-4EC2-B1D6-E8C33AC22CDE}.Release|x86.Deploy.0 = Release|x86
		{C2739EFC-8A8A-4410-8529-56DD6442E598}.Ad-Hoc|Any CPU.ActiveCfg = Ad-Hoc|iPhone
		{C2739EFC-8A8A-4410-8529-56DD6442E598}.Ad-Hoc|ARM.ActiveCfg = Ad-Hoc|iPhone
		{C2739EFC-8A8A-4410-8529-56DD6442E598}.Ad-Hoc|iPhone.ActiveCfg = Ad-Hoc|iPhone
		{C2739EFC-8A8A-4410-8529-56DD6442E598}.Ad-Hoc|iPhone.Build.0 = Ad-Hoc|iPhone
		{C2739EFC-8A8A-4410-8529-56DD6442E598}.Ad-Hoc|iPhoneSimulator.ActiveCfg = Ad-Hoc|iPhoneSimulator
		{C2739EFC-8A8A-4410-8529-56DD6442E598}.Ad-Hoc|iPhoneSimulator.Build.0 = Ad-Hoc|iPhoneSimulator
		{C2739EFC-8A8A-4410-8529-56DD6442E598}.Ad-Hoc|x64.ActiveCfg = Ad-Hoc|iPhone
		{C2739EFC-8A8A-4410-8529-56DD6442E598}.Ad-Hoc|x86.ActiveCfg = Ad-Hoc|iPhone
		{C2739EFC-8A8A-4410-8529-56DD6442E598}.AppStore|Any CPU.ActiveCfg = AppStore|iPhone
		{C2739EFC-8A8A-4410-8529-56DD6442E598}.AppStore|ARM.ActiveCfg = AppStore|iPhone
		{C2739EFC-8A8A-4410-8529-56DD6442E598}.AppStore|iPhone.ActiveCfg = AppStore|iPhone
		{C2739EFC-8A8A-4410-8529-56DD6442E598}.AppStore|iPhone.Build.0 = AppStore|iPhone
		{C2739EFC-8A8A-4410-8529-56DD6442E598}.AppStore|iPhoneSimulator.ActiveCfg = AppStore|iPhoneSimulator
		{C2739EFC-8A8A-4410-8529-56DD6442E598}.AppStore|iPhoneSimulator.Build.0 = AppStore|iPhoneSimulator
		{C2739EFC-8A8A-4410-8529-56DD6442E598}.AppStore|x64.ActiveCfg = AppStore|iPhone
		{C2739EFC-8A8A-4410-8529-56DD6442E598}.AppStore|x86.ActiveCfg = AppStore|iPhone
		{C2739EFC-8A8A-4410-8529-56DD6442E598}.Debug|Any CPU.ActiveCfg = Debug|iPhone
		{C2739EFC-8A8A-4410-8529-56DD6442E598}.Debug|ARM.ActiveCfg = Debug|iPhone
		{C2739EFC-8A8A-4410-8529-56DD6442E598}.Debug|iPhone.ActiveCfg = Debug|iPhone
		{C2739EFC-8A8A-4410-8529-56DD6442E598}.Debug|iPhone.Build.0 = Debug|iPhone
		{C2739EFC-8A8A-4410-8529-56DD6442E598}.Debug|iPhoneSimulator.ActiveCfg = Debug|iPhoneSimulator
		{C2739EFC-8A8A-4410-8529-56DD6442E598}.Debug|iPhoneSimulator.Build.0 = Debug|iPhoneSimulator
		{C2739EFC-8A8A-4410-8529-56DD6442E598}.Debug|x64.ActiveCfg = Debug|iPhone
		{C2739EFC-8A8A-4410-8529-56DD6442E598}.Debug|x86.ActiveCfg = Debug|iPhone
		{C2739EFC-8A8A-4410-8529-56DD6442E598}.Release|Any CPU.ActiveCfg = Release|iPhone
		{C2739EFC-8A8A-4410-8529-56DD6442E598}.Release|ARM.ActiveCfg = Release|iPhone
		{C2739EFC-8A8A-4410-8529-56DD6442E598}.Release|iPhone.ActiveCfg = Release|iPhone
		{C2739EFC-8A8A-4410-8529-56DD6442E598}.Release|iPhone.Build.0 = Release|iPhone
		{C2739EFC-8A8A-4410-8529-56DD6442E598}.Release|iPhoneSimulator.ActiveCfg = Release|iPhoneSimulator
		{C2739EFC-8A8A-4410-8529-56DD6442E598}.Release|iPhoneSimulator.Build.0 = Release|iPhoneSimulator
		{C2739EFC-8A8A-4410-8529-56DD6442E598}.Release|x64.ActiveCfg = Release|iPhone
		{C2739EFC-8A8A-4410-8529-56DD6442E598}.Release|x86.ActiveCfg = Release|iPhone
	EndGlobalSection
	GlobalSection(SolutionProperties) = preSolution
		HideSolutionNode = FALSE
	EndGlobalSection
	GlobalSection(ExtensibilityGlobals) = postSolution
		SolutionGuid = {5C071E6B-6CE7-4C41-B355-37B1BDFB6830}
	EndGlobalSection
EndGlobal
